
Microsoft Visual Studio Solution File, Format Version 12.00
# Visual Studio 15
VisualStudioVersion = 15.0.26430.6
MinimumVisualStudioVersion = 10.0.40219.1
Project("{FAE04EC0-301F-11D3-BF4B-00C04F79EFBC}") = "ScriptGenerator", "ScriptGenerator\ScriptGenerator.csproj", "{4470D7D4-DD53-472D-95F3-4B3AFB26ADEB}"
EndProject
Global
	GlobalSection(SolutionConfigurationPlatforms) = preSolution
		Debug|Any CPU = Debug|Any CPU
		Release|Any CPU = Release|Any CPU
	EndGlobalSection
	GlobalSection(ProjectConfigurationPlatforms) = postSolution
		{4470D7D4-DD53-472D-95F3-4B3AFB26ADEB}.Debug|Any CPU.ActiveCfg = Debug|Any CPU
		{4470D7D4-DD53-472D-95F3-4B3AFB26ADEB}.Debug|Any CPU.Build.0 = Debug|Any CPU
		{4470D7D4-DD53-472D-95F3-4B3AFB26ADEB}.Release|Any CPU.ActiveCfg = Release|Any CPU
		{4470D7D4-DD53-472D-95F3-4B3AFB26ADEB}.Release|Any CPU.Build.0 = Release|Any CPU
	EndGlobalSection
	GlobalSection(SolutionProperties) = preSolution
		HideSolutionNode = FALSE
	EndGlobalSection
EndGlobal
